
Microsoft Visual Studio Solution File, Format Version 12.00
# Visual Studio Version 17
VisualStudioVersion = 17.11.35312.102
MinimumVisualStudioVersion = 10.0.40219.1
Project("{9A19103F-16F7-4668-BE54-9A1E7A4F7556}") = "HW_MasterMind", "HW_MasterMind\HW_MasterMind.csproj", "{7DDE0B57-612F-416F-A00F-A83EABB151B7}"
EndProject
Project("{FAE04EC0-301F-11D3-BF4B-00C04F79EFBC}") = "Pract_StringOperations", "Pract_StringOperations\Pract_StringOperations.csproj", "{C11CFE4D-1842-4C34-A36F-111D6D7A5A71}"
EndProject
Global
	GlobalSection(SolutionConfigurationPlatforms) = preSolution
		Debug|Any CPU = Debug|Any CPU
		Release|Any CPU = Release|Any CPU
	EndGlobalSection
	GlobalSection(ProjectConfigurationPlatforms) = postSolution
		{7DDE0B57-612F-416F-A00F-A83EABB151B7}.Debug|Any CPU.ActiveCfg = Debug|Any CPU
		{7DDE0B57-612F-416F-A00F-A83EABB151B7}.Debug|Any CPU.Build.0 = Debug|Any CPU
		{7DDE0B57-612F-416F-A00F-A83EABB151B7}.Release|Any CPU.ActiveCfg = Release|Any CPU
		{7DDE0B57-612F-416F-A00F-A83EABB151B7}.Release|Any CPU.Build.0 = Release|Any CPU
		{C11CFE4D-1842-4C34-A36F-111D6D7A5A71}.Debug|Any CPU.ActiveCfg = Debug|Any CPU
		{C11CFE4D-1842-4C34-A36F-111D6D7A5A71}.Debug|Any CPU.Build.0 = Debug|Any CPU
		{C11CFE4D-1842-4C34-A36F-111D6D7A5A71}.Release|Any CPU.ActiveCfg = Release|Any CPU
		{C11CFE4D-1842-4C34-A36F-111D6D7A5A71}.Release|Any CPU.Build.0 = Release|Any CPU
	EndGlobalSection
	GlobalSection(SolutionProperties) = preSolution
		HideSolutionNode = FALSE
	EndGlobalSection
	GlobalSection(ExtensibilityGlobals) = postSolution
		SolutionGuid = {75BD5880-3A55-495B-88A3-06023423E5BA}
	EndGlobalSection
EndGlobal
