
Microsoft Visual Studio Solution File, Format Version 12.00
# Visual Studio Version 17
VisualStudioVersion = 17.11.35327.3
MinimumVisualStudioVersion = 10.0.40219.1
Project("{9A19103F-16F7-4668-BE54-9A1E7A4F7556}") = "Week04", "Week04\Week04.csproj", "{B33874C8-D5FA-456A-938F-EC4E28E4BB92}"
EndProject
Project("{9A19103F-16F7-4668-BE54-9A1E7A4F7556}") = "StructEx", "StructEx\StructEx.csproj", "{A2B46D29-C612-4F9F-B7CF-CCAA70C7ACE3}"
EndProject
Project("{9A19103F-16F7-4668-BE54-9A1E7A4F7556}") = "StructEx2", "StructEx2\StructEx2.csproj", "{81492CE8-CE60-48F0-B7EE-7CBE140C1231}"
EndProject
Project("{FAE04EC0-301F-11D3-BF4B-00C04F79EFBC}") = "EnumConvOp", "EnumConvOp\EnumConvOp.csproj", "{B1486A42-518D-413C-999B-2663FB78B55A}"
EndProject
Global
	GlobalSection(SolutionConfigurationPlatforms) = preSolution
		Debug|Any CPU = Debug|Any CPU
		Release|Any CPU = Release|Any CPU
	EndGlobalSection
	GlobalSection(ProjectConfigurationPlatforms) = postSolution
		{B33874C8-D5FA-456A-938F-EC4E28E4BB92}.Debug|Any CPU.ActiveCfg = Debug|Any CPU
		{B33874C8-D5FA-456A-938F-EC4E28E4BB92}.Debug|Any CPU.Build.0 = Debug|Any CPU
		{B33874C8-D5FA-456A-938F-EC4E28E4BB92}.Release|Any CPU.ActiveCfg = Release|Any CPU
		{B33874C8-D5FA-456A-938F-EC4E28E4BB92}.Release|Any CPU.Build.0 = Release|Any CPU
		{A2B46D29-C612-4F9F-B7CF-CCAA70C7ACE3}.Debug|Any CPU.ActiveCfg = Debug|Any CPU
		{A2B46D29-C612-4F9F-B7CF-CCAA70C7ACE3}.Debug|Any CPU.Build.0 = Debug|Any CPU
		{A2B46D29-C612-4F9F-B7CF-CCAA70C7ACE3}.Release|Any CPU.ActiveCfg = Release|Any CPU
		{A2B46D29-C612-4F9F-B7CF-CCAA70C7ACE3}.Release|Any CPU.Build.0 = Release|Any CPU
		{81492CE8-CE60-48F0-B7EE-7CBE140C1231}.Debug|Any CPU.ActiveCfg = Debug|Any CPU
		{81492CE8-CE60-48F0-B7EE-7CBE140C1231}.Debug|Any CPU.Build.0 = Debug|Any CPU
		{81492CE8-CE60-48F0-B7EE-7CBE140C1231}.Release|Any CPU.ActiveCfg = Release|Any CPU
		{81492CE8-CE60-48F0-B7EE-7CBE140C1231}.Release|Any CPU.Build.0 = Release|Any CPU
		{B1486A42-518D-413C-999B-2663FB78B55A}.Debug|Any CPU.ActiveCfg = Debug|Any CPU
		{B1486A42-518D-413C-999B-2663FB78B55A}.Debug|Any CPU.Build.0 = Debug|Any CPU
		{B1486A42-518D-413C-999B-2663FB78B55A}.Release|Any CPU.ActiveCfg = Release|Any CPU
		{B1486A42-518D-413C-999B-2663FB78B55A}.Release|Any CPU.Build.0 = Release|Any CPU
	EndGlobalSection
	GlobalSection(SolutionProperties) = preSolution
		HideSolutionNode = FALSE
	EndGlobalSection
	GlobalSection(ExtensibilityGlobals) = postSolution
		SolutionGuid = {FC0DCF40-075D-4E32-BBB5-3F9F3C4A8165}
	EndGlobalSection
EndGlobal
